
Microsoft Visual Studio Solution File, Format Version 12.00
# Visual Studio Version 16
VisualStudioVersion = 16.0.31410.357
MinimumVisualStudioVersion = 10.0.40219.1
Project("{9A19103F-16F7-4668-BE54-9A1E7A4F7556}") = "SendGridConsole", "Code\SendGridConsole\SendGridConsole.csproj", "{00739CED-B06C-400F-A464-F6391163495A}"
EndProject
Global
	GlobalSection(SolutionConfigurationPlatforms) = preSolution
		Debug|Any CPU = Debug|Any CPU
		Release|Any CPU = Release|Any CPU
	EndGlobalSection
	GlobalSection(ProjectConfigurationPlatforms) = postSolution
		{00739CED-B06C-400F-A464-F6391163495A}.Debug|Any CPU.ActiveCfg = Debug|Any CPU
		{00739CED-B06C-400F-A464-F6391163495A}.Debug|Any CPU.Build.0 = Debug|Any CPU
		{00739CED-B06C-400F-A464-F6391163495A}.Release|Any CPU.ActiveCfg = Release|Any CPU
		{00739CED-B06C-400F-A464-F6391163495A}.Release|Any CPU.Build.0 = Release|Any CPU
	EndGlobalSection
	GlobalSection(SolutionProperties) = preSolution
		HideSolutionNode = FALSE
	EndGlobalSection
	GlobalSection(ExtensibilityGlobals) = postSolution
		SolutionGuid = {AD653DA1-4E9B-42A1-8F14-E4AADC4CF3EE}
	EndGlobalSection
EndGlobal
